
Microsoft Visual Studio Solution File, Format Version 12.00
# Visual Studio 15
VisualStudioVersion = 15.0.27130.2036
MinimumVisualStudioVersion = 10.0.40219.1
Project("{9A19103F-16F7-4668-BE54-9A1E7A4F7556}") = "BucBoard", "BucBoard\BucBoard.csproj", "{A4028E20-9641-4468-90FB-BFE9087F8B10}"
EndProject
Global
	GlobalSection(SolutionConfigurationPlatforms) = preSolution
		Debug|Any CPU = Debug|Any CPU
		Release|Any CPU = Release|Any CPU
	EndGlobalSection
	GlobalSection(ProjectConfigurationPlatforms) = postSolution
		{A4028E20-9641-4468-90FB-BFE9087F8B10}.Debug|Any CPU.ActiveCfg = Debug|Any CPU
		{A4028E20-9641-4468-90FB-BFE9087F8B10}.Debug|Any CPU.Build.0 = Debug|Any CPU
		{A4028E20-9641-4468-90FB-BFE9087F8B10}.Release|Any CPU.ActiveCfg = Release|Any CPU
		{A4028E20-9641-4468-90FB-BFE9087F8B10}.Release|Any CPU.Build.0 = Release|Any CPU
	EndGlobalSection
	GlobalSection(SolutionProperties) = preSolution
		HideSolutionNode = FALSE
	EndGlobalSection
	GlobalSection(ExtensibilityGlobals) = postSolution
		SolutionGuid = {E445165A-B558-44B2-8AF3-58E2F38AC5D7}
	EndGlobalSection
EndGlobal
